
Microsoft Visual Studio Solution File, Format Version 12.00
# Visual Studio 15
VisualStudioVersion = 15.0.26124.0
MinimumVisualStudioVersion = 15.0.26124.0
Project("{2150E333-8FDC-42A3-9474-1A3956D46DE8}") = "src", "src", "{EFC11CA1-1906-45FB-85F6-A18F39DC4A28}"
EndProject
Project("{F2A71F9B-5D33-465A-A702-920D77279786}") = "Collect.Domain", "src\Collect.Domain\Collect.Domain.fsproj", "{024DC424-C1C9-4791-9D24-9E35304AF222}"
EndProject
Project("{2150E333-8FDC-42A3-9474-1A3956D46DE8}") = "test", "test", "{943FFF4B-F6E1-412F-885E-C34FD1DD1832}"
EndProject
Project("{F2A71F9B-5D33-465A-A702-920D77279786}") = "Collect.Domain.Test", "test\Collect.Domain.Test\Collect.Domain.Test.fsproj", "{10CA7549-3C21-48A5-B572-2A61E7C6547B}"
EndProject
Global
	GlobalSection(SolutionProperties) = preSolution
		HideSolutionNode = FALSE
	EndGlobalSection
	GlobalSection(SolutionConfigurationPlatforms) = preSolution
		Debug|Any CPU = Debug|Any CPU
		Debug|x64 = Debug|x64
		Debug|x86 = Debug|x86
		Release|Any CPU = Release|Any CPU
		Release|x64 = Release|x64
		Release|x86 = Release|x86
	EndGlobalSection
	GlobalSection(ProjectConfigurationPlatforms) = postSolution
		{024DC424-C1C9-4791-9D24-9E35304AF222}.Debug|Any CPU.ActiveCfg = Debug|Any CPU
		{024DC424-C1C9-4791-9D24-9E35304AF222}.Debug|Any CPU.Build.0 = Debug|Any CPU
		{024DC424-C1C9-4791-9D24-9E35304AF222}.Debug|x64.ActiveCfg = Debug|Any CPU
		{024DC424-C1C9-4791-9D24-9E35304AF222}.Debug|x64.Build.0 = Debug|Any CPU
		{024DC424-C1C9-4791-9D24-9E35304AF222}.Debug|x86.ActiveCfg = Debug|Any CPU
		{024DC424-C1C9-4791-9D24-9E35304AF222}.Debug|x86.Build.0 = Debug|Any CPU
		{024DC424-C1C9-4791-9D24-9E35304AF222}.Release|Any CPU.ActiveCfg = Release|Any CPU
		{024DC424-C1C9-4791-9D24-9E35304AF222}.Release|Any CPU.Build.0 = Release|Any CPU
		{024DC424-C1C9-4791-9D24-9E35304AF222}.Release|x64.ActiveCfg = Release|Any CPU
		{024DC424-C1C9-4791-9D24-9E35304AF222}.Release|x64.Build.0 = Release|Any CPU
		{024DC424-C1C9-4791-9D24-9E35304AF222}.Release|x86.ActiveCfg = Release|Any CPU
		{024DC424-C1C9-4791-9D24-9E35304AF222}.Release|x86.Build.0 = Release|Any CPU
		{10CA7549-3C21-48A5-B572-2A61E7C6547B}.Debug|Any CPU.ActiveCfg = Debug|Any CPU
		{10CA7549-3C21-48A5-B572-2A61E7C6547B}.Debug|Any CPU.Build.0 = Debug|Any CPU
		{10CA7549-3C21-48A5-B572-2A61E7C6547B}.Debug|x64.ActiveCfg = Debug|Any CPU
		{10CA7549-3C21-48A5-B572-2A61E7C6547B}.Debug|x64.Build.0 = Debug|Any CPU
		{10CA7549-3C21-48A5-B572-2A61E7C6547B}.Debug|x86.ActiveCfg = Debug|Any CPU
		{10CA7549-3C21-48A5-B572-2A61E7C6547B}.Debug|x86.Build.0 = Debug|Any CPU
		{10CA7549-3C21-48A5-B572-2A61E7C6547B}.Release|Any CPU.ActiveCfg = Release|Any CPU
		{10CA7549-3C21-48A5-B572-2A61E7C6547B}.Release|Any CPU.Build.0 = Release|Any CPU
		{10CA7549-3C21-48A5-B572-2A61E7C6547B}.Release|x64.ActiveCfg = Release|Any CPU
		{10CA7549-3C21-48A5-B572-2A61E7C6547B}.Release|x64.Build.0 = Release|Any CPU
		{10CA7549-3C21-48A5-B572-2A61E7C6547B}.Release|x86.ActiveCfg = Release|Any CPU
		{10CA7549-3C21-48A5-B572-2A61E7C6547B}.Release|x86.Build.0 = Release|Any CPU
	EndGlobalSection
	GlobalSection(NestedProjects) = preSolution
		{024DC424-C1C9-4791-9D24-9E35304AF222} = {EFC11CA1-1906-45FB-85F6-A18F39DC4A28}
		{10CA7549-3C21-48A5-B572-2A61E7C6547B} = {943FFF4B-F6E1-412F-885E-C34FD1DD1832}
	EndGlobalSection
EndGlobal
