
Microsoft Visual Studio Solution File, Format Version 12.00
# Visual Studio 15
VisualStudioVersion = 15.0.26124.0
MinimumVisualStudioVersion = 15.0.26124.0
Project("{F2A71F9B-5D33-465A-A702-920D77279786}") = "Collect.Domain", "Collect.Domain\Collect.Domain.fsproj", "{F472452A-F0F9-4E26-A93E-8DAF688694BC}"
EndProject
Project("{F2A71F9B-5D33-465A-A702-920D77279786}") = "Collect.Domain.Test", "Collect.Domain.Test\Collect.Domain.Test.fsproj", "{3F06147A-4BB2-48FC-BC32-D543C319D7E3}"
EndProject
Global
	GlobalSection(SolutionConfigurationPlatforms) = preSolution
		Debug|Any CPU = Debug|Any CPU
		Debug|x64 = Debug|x64
		Debug|x86 = Debug|x86
		Release|Any CPU = Release|Any CPU
		Release|x64 = Release|x64
		Release|x86 = Release|x86
	EndGlobalSection
	GlobalSection(SolutionProperties) = preSolution
		HideSolutionNode = FALSE
	EndGlobalSection
	GlobalSection(ProjectConfigurationPlatforms) = postSolution
		{F472452A-F0F9-4E26-A93E-8DAF688694BC}.Debug|Any CPU.ActiveCfg = Debug|Any CPU
		{F472452A-F0F9-4E26-A93E-8DAF688694BC}.Debug|Any CPU.Build.0 = Debug|Any CPU
		{F472452A-F0F9-4E26-A93E-8DAF688694BC}.Debug|x64.ActiveCfg = Debug|Any CPU
		{F472452A-F0F9-4E26-A93E-8DAF688694BC}.Debug|x64.Build.0 = Debug|Any CPU
		{F472452A-F0F9-4E26-A93E-8DAF688694BC}.Debug|x86.ActiveCfg = Debug|Any CPU
		{F472452A-F0F9-4E26-A93E-8DAF688694BC}.Debug|x86.Build.0 = Debug|Any CPU
		{F472452A-F0F9-4E26-A93E-8DAF688694BC}.Release|Any CPU.ActiveCfg = Release|Any CPU
		{F472452A-F0F9-4E26-A93E-8DAF688694BC}.Release|Any CPU.Build.0 = Release|Any CPU
		{F472452A-F0F9-4E26-A93E-8DAF688694BC}.Release|x64.ActiveCfg = Release|Any CPU
		{F472452A-F0F9-4E26-A93E-8DAF688694BC}.Release|x64.Build.0 = Release|Any CPU
		{F472452A-F0F9-4E26-A93E-8DAF688694BC}.Release|x86.ActiveCfg = Release|Any CPU
		{F472452A-F0F9-4E26-A93E-8DAF688694BC}.Release|x86.Build.0 = Release|Any CPU
		{3F06147A-4BB2-48FC-BC32-D543C319D7E3}.Debug|Any CPU.ActiveCfg = Debug|Any CPU
		{3F06147A-4BB2-48FC-BC32-D543C319D7E3}.Debug|Any CPU.Build.0 = Debug|Any CPU
		{3F06147A-4BB2-48FC-BC32-D543C319D7E3}.Debug|x64.ActiveCfg = Debug|Any CPU
		{3F06147A-4BB2-48FC-BC32-D543C319D7E3}.Debug|x64.Build.0 = Debug|Any CPU
		{3F06147A-4BB2-48FC-BC32-D543C319D7E3}.Debug|x86.ActiveCfg = Debug|Any CPU
		{3F06147A-4BB2-48FC-BC32-D543C319D7E3}.Debug|x86.Build.0 = Debug|Any CPU
		{3F06147A-4BB2-48FC-BC32-D543C319D7E3}.Release|Any CPU.ActiveCfg = Release|Any CPU
		{3F06147A-4BB2-48FC-BC32-D543C319D7E3}.Release|Any CPU.Build.0 = Release|Any CPU
		{3F06147A-4BB2-48FC-BC32-D543C319D7E3}.Release|x64.ActiveCfg = Release|Any CPU
		{3F06147A-4BB2-48FC-BC32-D543C319D7E3}.Release|x64.Build.0 = Release|Any CPU
		{3F06147A-4BB2-48FC-BC32-D543C319D7E3}.Release|x86.ActiveCfg = Release|Any CPU
		{3F06147A-4BB2-48FC-BC32-D543C319D7E3}.Release|x86.Build.0 = Release|Any CPU
	EndGlobalSection
	GlobalSection(NestedProjects) = preSolution
		{F472452A-F0F9-4E26-A93E-8DAF688694BC} = {618E711B-940F-48EF-92B2-0BBE93DD74E9}
		{3F06147A-4BB2-48FC-BC32-D543C319D7E3} = {537B67CE-B86C-4AE2-BF6E-EBABD83A862C}
	EndGlobalSection
EndGlobal
